
Microsoft Visual Studio Solution File, Format Version 12.00
# Visual Studio 2012
Project("{FAE04EC0-301F-11D3-BF4B-00C04F79EFBC}") = "pimclient", "pimclient\pimclient.csproj", "{E2F52725-FE69-4BF8-BFD5-C878524889BF}"
EndProject
Global
	GlobalSection(SolutionConfigurationPlatforms) = preSolution
		Debug|Any CPU = Debug|Any CPU
		Debug|x86 = Debug|x86
		Release|Any CPU = Release|Any CPU
		Release|x86 = Release|x86
		x86|Any CPU = x86|Any CPU
		x86|x86 = x86|x86
	EndGlobalSection
	GlobalSection(ProjectConfigurationPlatforms) = postSolution
		{E2F52725-FE69-4BF8-BFD5-C878524889BF}.Debug|Any CPU.ActiveCfg = Debug|Any CPU
		{E2F52725-FE69-4BF8-BFD5-C878524889BF}.Debug|Any CPU.Build.0 = Debug|Any CPU
		{E2F52725-FE69-4BF8-BFD5-C878524889BF}.Debug|x86.ActiveCfg = Debug|Any CPU
		{E2F52725-FE69-4BF8-BFD5-C878524889BF}.Debug|x86.Build.0 = Debug|Any CPU
		{E2F52725-FE69-4BF8-BFD5-C878524889BF}.Release|Any CPU.ActiveCfg = Release|Any CPU
		{E2F52725-FE69-4BF8-BFD5-C878524889BF}.Release|Any CPU.Build.0 = Release|Any CPU
		{E2F52725-FE69-4BF8-BFD5-C878524889BF}.Release|x86.ActiveCfg = Release|x86
		{E2F52725-FE69-4BF8-BFD5-C878524889BF}.Release|x86.Build.0 = Release|x86
		{E2F52725-FE69-4BF8-BFD5-C878524889BF}.x86|Any CPU.ActiveCfg = x86|Any CPU
		{E2F52725-FE69-4BF8-BFD5-C878524889BF}.x86|Any CPU.Build.0 = x86|Any CPU
		{E2F52725-FE69-4BF8-BFD5-C878524889BF}.x86|x86.ActiveCfg = x86|Any CPU
		{E2F52725-FE69-4BF8-BFD5-C878524889BF}.x86|x86.Build.0 = x86|Any CPU
		{E2F52725-FE69-4BF8-BFD5-C878524889BF}.x86|x86.Deploy.0 = x86|Any CPU
	EndGlobalSection
	GlobalSection(SolutionProperties) = preSolution
		HideSolutionNode = FALSE
	EndGlobalSection
EndGlobal
